// !$*UTF8*$!
{
	archiveVersion = 1;
	classes = {
	};
	objectVersion = 56;
	objects = {

/* Begin PBXBuildFile section */
		9A507F5729B6837E000C45B6 /* AppDelegate.swift in Sources */ = {isa = PBXBuildFile; fileRef = 9A507F5629B6837E000C45B6 /* AppDelegate.swift */; };
		9A507F5929B6837E000C45B6 /* SceneDelegate.swift in Sources */ = {isa = PBXBuildFile; fileRef = 9A507F5829B6837E000C45B6 /* SceneDelegate.swift */; };
		9A507F6029B6837F000C45B6 /* Assets.xcassets in Resources */ = {isa = PBXBuildFile; fileRef = 9A507F5F29B6837F000C45B6 /* Assets.xcassets */; };
		9A507F6329B6837F000C45B6 /* LaunchScreen.storyboard in Resources */ = {isa = PBXBuildFile; fileRef = 9A507F6129B6837F000C45B6 /* LaunchScreen.storyboard */; };
		9A507F6B29B6849B000C45B6 /* TabBarController.swift in Sources */ = {isa = PBXBuildFile; fileRef = 9A507F6A29B6849B000C45B6 /* TabBarController.swift */; };
		9A507F6F29B68555000C45B6 /* StoreVC.swift in Sources */ = {isa = PBXBuildFile; fileRef = 9A507F6E29B68555000C45B6 /* StoreVC.swift */; };
		9A507F7229B68CB6000C45B6 /* TextLabel.swift in Sources */ = {isa = PBXBuildFile; fileRef = 9A507F7129B68CB6000C45B6 /* TextLabel.swift */; };
		9A507F7429B68FD9000C45B6 /* UIView+Extension.swift in Sources */ = {isa = PBXBuildFile; fileRef = 9A507F7329B68FD9000C45B6 /* UIView+Extension.swift */; };
		9A507F7829B697DB000C45B6 /* UILabel+Extension.swift in Sources */ = {isa = PBXBuildFile; fileRef = 9A507F7729B697DB000C45B6 /* UILabel+Extension.swift */; };
		9A507F8129B70D90000C45B6 /* BluetoothScanerVC.swift in Sources */ = {isa = PBXBuildFile; fileRef = 9A507F8029B70D90000C45B6 /* BluetoothScanerVC.swift */; };
		9A507F8329B914CA000C45B6 /* Color+Extension.swift in Sources */ = {isa = PBXBuildFile; fileRef = 9A507F8229B914CA000C45B6 /* Color+Extension.swift */; };
		9A507F9229B9BD71000C45B6 /* Gibson-RegularItalic.ttf in Resources */ = {isa = PBXBuildFile; fileRef = 9A507F8E29B9BD6B000C45B6 /* Gibson-RegularItalic.ttf */; };
		9A507F9329B9BD75000C45B6 /* gibson-bold.ttf in Resources */ = {isa = PBXBuildFile; fileRef = 9A507F8F29B9BD6B000C45B6 /* gibson-bold.ttf */; };
		9A507F9429B9BD78000C45B6 /* Gibson-BoldItalic.ttf in Resources */ = {isa = PBXBuildFile; fileRef = 9A507F9029B9BD6B000C45B6 /* Gibson-BoldItalic.ttf */; };
		9A507F9529B9BD7B000C45B6 /* Gibson-Regular.ttf in Resources */ = {isa = PBXBuildFile; fileRef = 9A507F9129B9BD6B000C45B6 /* Gibson-Regular.ttf */; };
		9A507F9729B9BE5A000C45B6 /* nimbussanl-bol.otf in Resources */ = {isa = PBXBuildFile; fileRef = 9A507F9629B9BE57000C45B6 /* nimbussanl-bol.otf */; };
		9A507F9929B9BF52000C45B6 /* StoreModel.swift in Sources */ = {isa = PBXBuildFile; fileRef = 9A507F9829B9BF52000C45B6 /* StoreModel.swift */; };
		9A507F9C29B9C564000C45B6 /* CollectionViewCell.swift in Sources */ = {isa = PBXBuildFile; fileRef = 9A507F9B29B9C564000C45B6 /* CollectionViewCell.swift */; };
		9A507F9E29B9CB57000C45B6 /* HeaderReusableView.swift in Sources */ = {isa = PBXBuildFile; fileRef = 9A507F9D29B9CB57000C45B6 /* HeaderReusableView.swift */; };
		9A507FA329BB0AE7000C45B6 /* BluetoothService.swift in Sources */ = {isa = PBXBuildFile; fileRef = 9A507FA229BB0AE7000C45B6 /* BluetoothService.swift */; };
		9A507FA529BB0B90000C45B6 /* HorizontalCell.swift in Sources */ = {isa = PBXBuildFile; fileRef = 9A507FA429BB0B90000C45B6 /* HorizontalCell.swift */; };
		9A507FA729BB0C6B000C45B6 /* Helper.swift in Sources */ = {isa = PBXBuildFile; fileRef = 9A507FA629BB0C6B000C45B6 /* Helper.swift */; };
		9A507FAA29BB2616000C45B6 /* Constants.swift in Sources */ = {isa = PBXBuildFile; fileRef = 9A507FA929BB2616000C45B6 /* Constants.swift */; };
/* End PBXBuildFile section */

/* Begin PBXFileReference section */
		9A507F5329B6837E000C45B6 /* TechnicalAssignment-UIKit.app */ = {isa = PBXFileReference; explicitFileType = wrapper.application; includeInIndex = 0; path = "TechnicalAssignment-UIKit.app"; sourceTree = BUILT_PRODUCTS_DIR; };
		9A507F5629B6837E000C45B6 /* AppDelegate.swift */ = {isa = PBXFileReference; lastKnownFileType = sourcecode.swift; path = AppDelegate.swift; sourceTree = "<group>"; };
		9A507F5829B6837E000C45B6 /* SceneDelegate.swift */ = {isa = PBXFileReference; lastKnownFileType = sourcecode.swift; path = SceneDelegate.swift; sourceTree = "<group>"; };
		9A507F5F29B6837F000C45B6 /* Assets.xcassets */ = {isa = PBXFileReference; lastKnownFileType = folder.assetcatalog; path = Assets.xcassets; sourceTree = "<group>"; };
		9A507F6229B6837F000C45B6 /* Base */ = {isa = PBXFileReference; lastKnownFileType = file.storyboard; name = Base; path = Base.lproj/LaunchScreen.storyboard; sourceTree = "<group>"; };
		9A507F6429B6837F000C45B6 /* Info.plist */ = {isa = PBXFileReference; lastKnownFileType = text.plist.xml; path = Info.plist; sourceTree = "<group>"; };
		9A507F6A29B6849B000C45B6 /* TabBarController.swift */ = {isa = PBXFileReference; lastKnownFileType = sourcecode.swift; path = TabBarController.swift; sourceTree = "<group>"; };
		9A507F6E29B68555000C45B6 /* StoreVC.swift */ = {isa = PBXFileReference; lastKnownFileType = sourcecode.swift; path = StoreVC.swift; sourceTree = "<group>"; };
		9A507F7129B68CB6000C45B6 /* TextLabel.swift */ = {isa = PBXFileReference; lastKnownFileType = sourcecode.swift; path = TextLabel.swift; sourceTree = "<group>"; };
		9A507F7329B68FD9000C45B6 /* UIView+Extension.swift */ = {isa = PBXFileReference; lastKnownFileType = sourcecode.swift; path = "UIView+Extension.swift"; sourceTree = "<group>"; };
		9A507F7729B697DB000C45B6 /* UILabel+Extension.swift */ = {isa = PBXFileReference; lastKnownFileType = sourcecode.swift; path = "UILabel+Extension.swift"; sourceTree = "<group>"; };
		9A507F8029B70D90000C45B6 /* BluetoothScanerVC.swift */ = {isa = PBXFileReference; lastKnownFileType = sourcecode.swift; path = BluetoothScanerVC.swift; sourceTree = "<group>"; };
		9A507F8229B914CA000C45B6 /* Color+Extension.swift */ = {isa = PBXFileReference; lastKnownFileType = sourcecode.swift; path = "Color+Extension.swift"; sourceTree = "<group>"; };
		9A507F8E29B9BD6B000C45B6 /* Gibson-RegularItalic.ttf */ = {isa = PBXFileReference; lastKnownFileType = file; path = "Gibson-RegularItalic.ttf"; sourceTree = "<group>"; };
		9A507F8F29B9BD6B000C45B6 /* gibson-bold.ttf */ = {isa = PBXFileReference; lastKnownFileType = file; path = "gibson-bold.ttf"; sourceTree = "<group>"; };
		9A507F9029B9BD6B000C45B6 /* Gibson-BoldItalic.ttf */ = {isa = PBXFileReference; lastKnownFileType = file; path = "Gibson-BoldItalic.ttf"; sourceTree = "<group>"; };
		9A507F9129B9BD6B000C45B6 /* Gibson-Regular.ttf */ = {isa = PBXFileReference; lastKnownFileType = file; path = "Gibson-Regular.ttf"; sourceTree = "<group>"; };
		9A507F9629B9BE57000C45B6 /* nimbussanl-bol.otf */ = {isa = PBXFileReference; lastKnownFileType = file; path = "nimbussanl-bol.otf"; sourceTree = "<group>"; };
		9A507F9829B9BF52000C45B6 /* StoreModel.swift */ = {isa = PBXFileReference; lastKnownFileType = sourcecode.swift; path = StoreModel.swift; sourceTree = "<group>"; };
		9A507F9B29B9C564000C45B6 /* CollectionViewCell.swift */ = {isa = PBXFileReference; lastKnownFileType = sourcecode.swift; path = CollectionViewCell.swift; sourceTree = "<group>"; };
		9A507F9D29B9CB57000C45B6 /* HeaderReusableView.swift */ = {isa = PBXFileReference; lastKnownFileType = sourcecode.swift; path = HeaderReusableView.swift; sourceTree = "<group>"; };
		9A507FA229BB0AE7000C45B6 /* BluetoothService.swift */ = {isa = PBXFileReference; lastKnownFileType = sourcecode.swift; path = BluetoothService.swift; sourceTree = "<group>"; };
		9A507FA429BB0B90000C45B6 /* HorizontalCell.swift */ = {isa = PBXFileReference; lastKnownFileType = sourcecode.swift; path = HorizontalCell.swift; sourceTree = "<group>"; };
		9A507FA629BB0C6B000C45B6 /* Helper.swift */ = {isa = PBXFileReference; lastKnownFileType = sourcecode.swift; path = Helper.swift; sourceTree = "<group>"; };
		9A507FA929BB2616000C45B6 /* Constants.swift */ = {isa = PBXFileReference; lastKnownFileType = sourcecode.swift; path = Constants.swift; sourceTree = "<group>"; };
/* End PBXFileReference section */

/* Begin PBXFrameworksBuildPhase section */
		9A507F5029B6837E000C45B6 /* Frameworks */ = {
			isa = PBXFrameworksBuildPhase;
			buildActionMask = 2147483647;
			files = (
			);
			runOnlyForDeploymentPostprocessing = 0;
		};
/* End PBXFrameworksBuildPhase section */

/* Begin PBXGroup section */
		9A507F4A29B6837E000C45B6 = {
			isa = PBXGroup;
			children = (
				9A507F5529B6837E000C45B6 /* TechnicalAssignment-UIKit */,
				9A507F5429B6837E000C45B6 /* Products */,
			);
			sourceTree = "<group>";
		};
		9A507F5429B6837E000C45B6 /* Products */ = {
			isa = PBXGroup;
			children = (
				9A507F5329B6837E000C45B6 /* TechnicalAssignment-UIKit.app */,
			);
			name = Products;
			sourceTree = "<group>";
		};
		9A507F5529B6837E000C45B6 /* TechnicalAssignment-UIKit */ = {
			isa = PBXGroup;
			children = (
				9A507F5629B6837E000C45B6 /* AppDelegate.swift */,
				9A507F5829B6837E000C45B6 /* SceneDelegate.swift */,
				9A507F5F29B6837F000C45B6 /* Assets.xcassets */,
				9A507F6129B6837F000C45B6 /* LaunchScreen.storyboard */,
				9A507F6429B6837F000C45B6 /* Info.plist */,
				9A507F8529B9B03A000C45B6 /* Fonts */,
				9A507FA129BB0AD6000C45B6 /* Manager */,
				9A507F7029B68CA0000C45B6 /* Controllers */,
				9A507F7A29B69CEF000C45B6 /* CustomView */,
				9A507F7929B69CE3000C45B6 /* Extensions */,
				9A507F9A29B9C470000C45B6 /* Model */,
				9A507FA829BB0C76000C45B6 /* Utility */,
			);
			path = "TechnicalAssignment-UIKit";
			sourceTree = "<group>";
		};
		9A507F7029B68CA0000C45B6 /* Controllers */ = {
			isa = PBXGroup;
			children = (
				9A507F6A29B6849B000C45B6 /* TabBarController.swift */,
				9A507F6E29B68555000C45B6 /* StoreVC.swift */,
				9A507F8029B70D90000C45B6 /* BluetoothScanerVC.swift */,
			);
			path = Controllers;
			sourceTree = "<group>";
		};
		9A507F7929B69CE3000C45B6 /* Extensions */ = {
			isa = PBXGroup;
			children = (
				9A507F7329B68FD9000C45B6 /* UIView+Extension.swift */,
				9A507F7729B697DB000C45B6 /* UILabel+Extension.swift */,
				9A507F8229B914CA000C45B6 /* Color+Extension.swift */,
			);
			path = Extensions;
			sourceTree = "<group>";
		};
		9A507F7A29B69CEF000C45B6 /* CustomView */ = {
			isa = PBXGroup;
			children = (
				9A507F7129B68CB6000C45B6 /* TextLabel.swift */,
				9A507F9D29B9CB57000C45B6 /* HeaderReusableView.swift */,
				9A507FA429BB0B90000C45B6 /* HorizontalCell.swift */,
				9A507F9B29B9C564000C45B6 /* CollectionViewCell.swift */,
			);
			path = CustomView;
			sourceTree = "<group>";
		};
		9A507F8529B9B03A000C45B6 /* Fonts */ = {
			isa = PBXGroup;
			children = (
				9A507F8F29B9BD6B000C45B6 /* gibson-bold.ttf */,
				9A507F9029B9BD6B000C45B6 /* Gibson-BoldItalic.ttf */,
				9A507F9129B9BD6B000C45B6 /* Gibson-Regular.ttf */,
				9A507F8E29B9BD6B000C45B6 /* Gibson-RegularItalic.ttf */,
				9A507F9629B9BE57000C45B6 /* nimbussanl-bol.otf */,
			);
			path = Fonts;
			sourceTree = "<group>";
		};
		9A507F9A29B9C470000C45B6 /* Model */ = {
			isa = PBXGroup;
			children = (
				9A507F9829B9BF52000C45B6 /* StoreModel.swift */,
			);
			path = Model;
			sourceTree = "<group>";
		};
		9A507FA129BB0AD6000C45B6 /* Manager */ = {
			isa = PBXGroup;
			children = (
				9A507FA229BB0AE7000C45B6 /* BluetoothService.swift */,
			);
			path = Manager;
			sourceTree = "<group>";
		};
		9A507FA829BB0C76000C45B6 /* Utility */ = {
			isa = PBXGroup;
			children = (
				9A507FA929BB2616000C45B6 /* Constants.swift */,
				9A507FA629BB0C6B000C45B6 /* Helper.swift */,
			);
			path = Utility;
			sourceTree = "<group>";
		};
/* End PBXGroup section */

/* Begin PBXNativeTarget section */
		9A507F5229B6837E000C45B6 /* TechnicalAssignment-UIKit */ = {
			isa = PBXNativeTarget;
			buildConfigurationList = 9A507F6729B6837F000C45B6 /* Build configuration list for PBXNativeTarget "TechnicalAssignment-UIKit" */;
			buildPhases = (
				9A507F4F29B6837E000C45B6 /* Sources */,
				9A507F5029B6837E000C45B6 /* Frameworks */,
				9A507F5129B6837E000C45B6 /* Resources */,
			);
			buildRules = (
			);
			dependencies = (
			);
			name = "TechnicalAssignment-UIKit";
			productName = "TechnicalAssignment-UIKit";
			productReference = 9A507F5329B6837E000C45B6 /* TechnicalAssignment-UIKit.app */;
			productType = "com.apple.product-type.application";
		};
/* End PBXNativeTarget section */

/* Begin PBXProject section */
		9A507F4B29B6837E000C45B6 /* Project object */ = {
			isa = PBXProject;
			attributes = {
				BuildIndependentTargetsInParallel = 1;
				LastSwiftUpdateCheck = 1420;
				LastUpgradeCheck = 1420;
				TargetAttributes = {
					9A507F5229B6837E000C45B6 = {
						CreatedOnToolsVersion = 14.2;
					};
				};
			};
			buildConfigurationList = 9A507F4E29B6837E000C45B6 /* Build configuration list for PBXProject "TechnicalAssignment-UIKit" */;
			compatibilityVersion = "Xcode 14.0";
			developmentRegion = en;
			hasScannedForEncodings = 0;
			knownRegions = (
				en,
				Base,
			);
			mainGroup = 9A507F4A29B6837E000C45B6;
			productRefGroup = 9A507F5429B6837E000C45B6 /* Products */;
			projectDirPath = "";
			projectRoot = "";
			targets = (
				9A507F5229B6837E000C45B6 /* TechnicalAssignment-UIKit */,
			);
		};
/* End PBXProject section */

/* Begin PBXResourcesBuildPhase section */
		9A507F5129B6837E000C45B6 /* Resources */ = {
			isa = PBXResourcesBuildPhase;
			buildActionMask = 2147483647;
			files = (
				9A507F6329B6837F000C45B6 /* LaunchScreen.storyboard in Resources */,
				9A507F9429B9BD78000C45B6 /* Gibson-BoldItalic.ttf in Resources */,
				9A507F6029B6837F000C45B6 /* Assets.xcassets in Resources */,
				9A507F9529B9BD7B000C45B6 /* Gibson-Regular.ttf in Resources */,
				9A507F9729B9BE5A000C45B6 /* nimbussanl-bol.otf in Resources */,
				9A507F9229B9BD71000C45B6 /* Gibson-RegularItalic.ttf in Resources */,
				9A507F9329B9BD75000C45B6 /* gibson-bold.ttf in Resources */,
			);
			runOnlyForDeploymentPostprocessing = 0;
		};
/* End PBXResourcesBuildPhase section */

/* Begin PBXSourcesBuildPhase section */
		9A507F4F29B6837E000C45B6 /* Sources */ = {
			isa = PBXSourcesBuildPhase;
			buildActionMask = 2147483647;
			files = (
				9A507F7829B697DB000C45B6 /* UILabel+Extension.swift in Sources */,
				9A507F7429B68FD9000C45B6 /* UIView+Extension.swift in Sources */,
				9A507FA729BB0C6B000C45B6 /* Helper.swift in Sources */,
				9A507F6B29B6849B000C45B6 /* TabBarController.swift in Sources */,
				9A507F5729B6837E000C45B6 /* AppDelegate.swift in Sources */,
				9A507F9929B9BF52000C45B6 /* StoreModel.swift in Sources */,
				9A507FA329BB0AE7000C45B6 /* BluetoothService.swift in Sources */,
				9A507FAA29BB2616000C45B6 /* Constants.swift in Sources */,
				9A507F8129B70D90000C45B6 /* BluetoothScanerVC.swift in Sources */,
				9A507FA529BB0B90000C45B6 /* HorizontalCell.swift in Sources */,
				9A507F9E29B9CB57000C45B6 /* HeaderReusableView.swift in Sources */,
				9A507F7229B68CB6000C45B6 /* TextLabel.swift in Sources */,
				9A507F9C29B9C564000C45B6 /* CollectionViewCell.swift in Sources */,
				9A507F5929B6837E000C45B6 /* SceneDelegate.swift in Sources */,
				9A507F8329B914CA000C45B6 /* Color+Extension.swift in Sources */,
				9A507F6F29B68555000C45B6 /* StoreVC.swift in Sources */,
			);
			runOnlyForDeploymentPostprocessing = 0;
		};
/* End PBXSourcesBuildPhase section */

/* Begin PBXVariantGroup section */
		9A507F6129B6837F000C45B6 /* LaunchScreen.storyboard */ = {
			isa = PBXVariantGroup;
			children = (
				9A507F6229B6837F000C45B6 /* Base */,
			);
			name = LaunchScreen.storyboard;
			sourceTree = "<group>";
		};
/* End PBXVariantGroup section */

/* Begin XCBuildConfiguration section */
		9A507F6529B6837F000C45B6 /* Debug */ = {
			isa = XCBuildConfiguration;
			buildSettings = {
				ALWAYS_SEARCH_USER_PATHS = NO;
				CLANG_ANALYZER_NONNULL = YES;
				CLANG_ANALYZER_NUMBER_OBJECT_CONVERSION = YES_AGGRESSIVE;
				CLANG_CXX_LANGUAGE_STANDARD = "gnu++20";
				CLANG_ENABLE_MODULES = YES;
				CLANG_ENABLE_OBJC_ARC = YES;
				CLANG_ENABLE_OBJC_WEAK = YES;
				CLANG_WARN_BLOCK_CAPTURE_AUTORELEASING = YES;
				CLANG_WARN_BOOL_CONVERSION = YES;
				CLANG_WARN_COMMA = YES;
				CLANG_WARN_CONSTANT_CONVERSION = YES;
				CLANG_WARN_DEPRECATED_OBJC_IMPLEMENTATIONS = YES;
				CLANG_WARN_DIRECT_OBJC_ISA_USAGE = YES_ERROR;
				CLANG_WARN_DOCUMENTATION_COMMENTS = YES;
				CLANG_WARN_EMPTY_BODY = YES;
				CLANG_WARN_ENUM_CONVERSION = YES;
				CLANG_WARN_INFINITE_RECURSION = YES;
				CLANG_WARN_INT_CONVERSION = YES;
				CLANG_WARN_NON_LITERAL_NULL_CONVERSION = YES;
				CLANG_WARN_OBJC_IMPLICIT_RETAIN_SELF = YES;
				CLANG_WARN_OBJC_LITERAL_CONVERSION = YES;
				CLANG_WARN_OBJC_ROOT_CLASS = YES_ERROR;
				CLANG_WARN_QUOTED_INCLUDE_IN_FRAMEWORK_HEADER = YES;
				CLANG_WARN_RANGE_LOOP_ANALYSIS = YES;
				CLANG_WARN_STRICT_PROTOTYPES = YES;
				CLANG_WARN_SUSPICIOUS_MOVE = YES;
				CLANG_WARN_UNGUARDED_AVAILABILITY = YES_AGGRESSIVE;
				CLANG_WARN_UNREACHABLE_CODE = YES;
				CLANG_WARN__DUPLICATE_METHOD_MATCH = YES;
				COPY_PHASE_STRIP = NO;
				DEBUG_INFORMATION_FORMAT = dwarf;
				ENABLE_STRICT_OBJC_MSGSEND = YES;
				ENABLE_TESTABILITY = YES;
				GCC_C_LANGUAGE_STANDARD = gnu11;
				GCC_DYNAMIC_NO_PIC = NO;
				GCC_NO_COMMON_BLOCKS = YES;
				GCC_OPTIMIZATION_LEVEL = 0;
				GCC_PREPROCESSOR_DEFINITIONS = (
					"DEBUG=1",
					"$(inherited)",
				);
				GCC_WARN_64_TO_32_BIT_CONVERSION = YES;
				GCC_WARN_ABOUT_RETURN_TYPE = YES_ERROR;
				GCC_WARN_UNDECLARED_SELECTOR = YES;
				GCC_WARN_UNINITIALIZED_AUTOS = YES_AGGRESSIVE;
				GCC_WARN_UNUSED_FUNCTION = YES;
				GCC_WARN_UNUSED_VARIABLE = YES;
				IPHONEOS_DEPLOYMENT_TARGET = 16.2;
				MTL_ENABLE_DEBUG_INFO = INCLUDE_SOURCE;
				MTL_FAST_MATH = YES;
				ONLY_ACTIVE_ARCH = YES;
				SDKROOT = iphoneos;
				SWIFT_ACTIVE_COMPILATION_CONDITIONS = DEBUG;
				SWIFT_OPTIMIZATION_LEVEL = "-Onone";
			};
			name = Debug;
		};
		9A507F6629B6837F000C45B6 /* Release */ = {
			isa = XCBuildConfiguration;
			buildSettings = {
				ALWAYS_SEARCH_USER_PATHS = NO;
				CLANG_ANALYZER_NONNULL = YES;
				CLANG_ANALYZER_NUMBER_OBJECT_CONVERSION = YES_AGGRESSIVE;
				CLANG_CXX_LANGUAGE_STANDARD = "gnu++20";
				CLANG_ENABLE_MODULES = YES;
				CLANG_ENABLE_OBJC_ARC = YES;
				CLANG_ENABLE_OBJC_WEAK = YES;
				CLANG_WARN_BLOCK_CAPTURE_AUTORELEASING = YES;
				CLANG_WARN_BOOL_CONVERSION = YES;
				CLANG_WARN_COMMA = YES;
				CLANG_WARN_CONSTANT_CONVERSION = YES;
				CLANG_WARN_DEPRECATED_OBJC_IMPLEMENTATIONS = YES;
				CLANG_WARN_DIRECT_OBJC_ISA_USAGE = YES_ERROR;
				CLANG_WARN_DOCUMENTATION_COMMENTS = YES;
				CLANG_WARN_EMPTY_BODY = YES;
				CLANG_WARN_ENUM_CONVERSION = YES;
				CLANG_WARN_INFINITE_RECURSION = YES;
				CLANG_WARN_INT_CONVERSION = YES;
				CLANG_WARN_NON_LITERAL_NULL_CONVERSION = YES;
				CLANG_WARN_OBJC_IMPLICIT_RETAIN_SELF = YES;
				CLANG_WARN_OBJC_LITERAL_CONVERSION = YES;
				CLANG_WARN_OBJC_ROOT_CLASS = YES_ERROR;
				CLANG_WARN_QUOTED_INCLUDE_IN_FRAMEWORK_HEADER = YES;
				CLANG_WARN_RANGE_LOOP_ANALYSIS = YES;
				CLANG_WARN_STRICT_PROTOTYPES = YES;
				CLANG_WARN_SUSPICIOUS_MOVE = YES;
				CLANG_WARN_UNGUARDED_AVAILABILITY = YES_AGGRESSIVE;
				CLANG_WARN_UNREACHABLE_CODE = YES;
				CLANG_WARN__DUPLICATE_METHOD_MATCH = YES;
				COPY_PHASE_STRIP = NO;
				DEBUG_INFORMATION_FORMAT = "dwarf-with-dsym";
				ENABLE_NS_ASSERTIONS = NO;
				ENABLE_STRICT_OBJC_MSGSEND = YES;
				GCC_C_LANGUAGE_STANDARD = gnu11;
				GCC_NO_COMMON_BLOCKS = YES;
				GCC_WARN_64_TO_32_BIT_CONVERSION = YES;
				GCC_WARN_ABOUT_RETURN_TYPE = YES_ERROR;
				GCC_WARN_UNDECLARED_SELECTOR = YES;
				GCC_WARN_UNINITIALIZED_AUTOS = YES_AGGRESSIVE;
				GCC_WARN_UNUSED_FUNCTION = YES;
				GCC_WARN_UNUSED_VARIABLE = YES;
				IPHONEOS_DEPLOYMENT_TARGET = 16.2;
				MTL_ENABLE_DEBUG_INFO = NO;
				MTL_FAST_MATH = YES;
				SDKROOT = iphoneos;
				SWIFT_COMPILATION_MODE = wholemodule;
				SWIFT_OPTIMIZATION_LEVEL = "-O";
				VALIDATE_PRODUCT = YES;
			};
			name = Release;
		};
		9A507F6829B6837F000C45B6 /* Debug */ = {
			isa = XCBuildConfiguration;
			buildSettings = {
				ASSETCATALOG_COMPILER_APPICON_NAME = AppIcon;
				ASSETCATALOG_COMPILER_GLOBAL_ACCENT_COLOR_NAME = AccentColor;
				CODE_SIGN_STYLE = Automatic;
				CURRENT_PROJECT_VERSION = 1;
				DEVELOPMENT_TEAM = 2972HQU7FK;
				GENERATE_INFOPLIST_FILE = YES;
				INFOPLIST_FILE = "TechnicalAssignment-UIKit/Info.plist";
				INFOPLIST_KEY_NSBluetoothAlwaysUsageDescription = "This app uses Bluetooth to scan to nearby peripherals";
				INFOPLIST_KEY_NSBluetoothPeripheralUsageDescription = "This app uses Bluetooth to connect to nearby peripherals";
				INFOPLIST_KEY_UIApplicationSupportsIndirectInputEvents = YES;
				INFOPLIST_KEY_UILaunchStoryboardName = LaunchScreen;
				INFOPLIST_KEY_UISupportedInterfaceOrientations = UIInterfaceOrientationPortrait;
				INFOPLIST_KEY_UISupportedInterfaceOrientations_iPad = "UIInterfaceOrientationLandscapeLeft UIInterfaceOrientationLandscapeRight UIInterfaceOrientationPortrait UIInterfaceOrientationPortraitUpsideDown";
				IPHONEOS_DEPLOYMENT_TARGET = 14.0;
				LD_RUNPATH_SEARCH_PATHS = (
					"$(inherited)",
					"@executable_path/Frameworks",
				);
				MARKETING_VERSION = 1.0;
				PRODUCT_BUNDLE_IDENTIFIER = com.assesment;
				PRODUCT_NAME = "$(TARGET_NAME)";
				SUPPORTED_PLATFORMS = "iphoneos iphonesimulator";
				SUPPORTS_MACCATALYST = NO;
				SUPPORTS_MAC_DESIGNED_FOR_IPHONE_IPAD = YES;
				SWIFT_EMIT_LOC_STRINGS = YES;
				SWIFT_VERSION = 5.0;
				TARGETED_DEVICE_FAMILY = 1;
			};
			name = Debug;
		};
		9A507F6929B6837F000C45B6 /* Release */ = {
			isa = XCBuildConfiguration;
			buildSettings = {
				ASSETCATALOG_COMPILER_APPICON_NAME = AppIcon;
				ASSETCATALOG_COMPILER_GLOBAL_ACCENT_COLOR_NAME = AccentColor;
				CODE_SIGN_STYLE = Automatic;
				CURRENT_PROJECT_VERSION = 1;
				DEVELOPMENT_TEAM = 2972HQU7FK;
				GENERATE_INFOPLIST_FILE = YES;
				INFOPLIST_FILE = "TechnicalAssignment-UIKit/Info.plist";
				INFOPLIST_KEY_NSBluetoothAlwaysUsageDescription = "This app uses Bluetooth to scan to nearby peripherals";
				INFOPLIST_KEY_NSBluetoothPeripheralUsageDescription = "This app uses Bluetooth to connect to nearby peripherals";
				INFOPLIST_KEY_UIApplicationSupportsIndirectInputEvents = YES;
				INFOPLIST_KEY_UILaunchStoryboardName = LaunchScreen;
				INFOPLIST_KEY_UISupportedInterfaceOrientations = UIInterfaceOrientationPortrait;
				INFOPLIST_KEY_UISupportedInterfaceOrientations_iPad = "UIInterfaceOrientationLandscapeLeft UIInterfaceOrientationLandscapeRight UIInterfaceOrientationPortrait UIInterfaceOrientationPortraitUpsideDown";
				IPHONEOS_DEPLOYMENT_TARGET = 14.0;
				LD_RUNPATH_SEARCH_PATHS = (
					"$(inherited)",
					"@executable_path/Frameworks",
				);
				MARKETING_VERSION = 1.0;
				PRODUCT_BUNDLE_IDENTIFIER = com.assesment;
				PRODUCT_NAME = "$(TARGET_NAME)";
				SUPPORTED_PLATFORMS = "iphoneos iphonesimulator";
				SUPPORTS_MACCATALYST = NO;
				SUPPORTS_MAC_DESIGNED_FOR_IPHONE_IPAD = YES;
				SWIFT_EMIT_LOC_STRINGS = YES;
				SWIFT_VERSION = 5.0;
				TARGETED_DEVICE_FAMILY = 1;
			};
			name = Release;
		};
/* End XCBuildConfiguration section */

/* Begin XCConfigurationList section */
		9A507F4E29B6837E000C45B6 /* Build configuration list for PBXProject "TechnicalAssignment-UIKit" */ = {
			isa = XCConfigurationList;
			buildConfigurations = (
				9A507F6529B6837F000C45B6 /* Debug */,
				9A507F6629B6837F000C45B6 /* Release */,
			);
			defaultConfigurationIsVisible = 0;
			defaultConfigurationName = Release;
		};
		9A507F6729B6837F000C45B6 /* Build configuration list for PBXNativeTarget "TechnicalAssignment-UIKit" */ = {
			isa = XCConfigurationList;
			buildConfigurations = (
				9A507F6829B6837F000C45B6 /* Debug */,
				9A507F6929B6837F000C45B6 /* Release */,
			);
			defaultConfigurationIsVisible = 0;
			defaultConfigurationName = Release;
		};
/* End XCConfigurationList section */
	};
	rootObject = 9A507F4B29B6837E000C45B6 /* Project object */;
}
